
Microsoft Visual Studio Solution File, Format Version 12.00
# Visual Studio Version 16
VisualStudioVersion = 16.0.32602.291
MinimumVisualStudioVersion = 10.0.40219.1
Project("{FAE04EC0-301F-11D3-BF4B-00C04F79EFBC}") = "ForceCal", "ForceCal\ForceCal.csproj", "{E02DAB71-2D30-413C-A9DE-F6E731198539}"
EndProject
Project("{FAE04EC0-301F-11D3-BF4B-00C04F79EFBC}") = "MyModel", "MyModel\MyModel.csproj", "{42756801-1070-469C-8D24-1B14042810B2}"
EndProject
Project("{FAE04EC0-301F-11D3-BF4B-00C04F79EFBC}") = "MyAPI", "MyAPI\MyAPI.csproj", "{3AA2640A-31F5-4FD4-A1BB-52B18F7A291B}"
EndProject
Global
	GlobalSection(SolutionConfigurationPlatforms) = preSolution
		Debug|Any CPU = Debug|Any CPU
		Release|Any CPU = Release|Any CPU
	EndGlobalSection
	GlobalSection(ProjectConfigurationPlatforms) = postSolution
		{E02DAB71-2D30-413C-A9DE-F6E731198539}.Debug|Any CPU.ActiveCfg = Debug|Any CPU
		{E02DAB71-2D30-413C-A9DE-F6E731198539}.Debug|Any CPU.Build.0 = Debug|Any CPU
		{E02DAB71-2D30-413C-A9DE-F6E731198539}.Release|Any CPU.ActiveCfg = Release|Any CPU
		{E02DAB71-2D30-413C-A9DE-F6E731198539}.Release|Any CPU.Build.0 = Release|Any CPU
		{42756801-1070-469C-8D24-1B14042810B2}.Debug|Any CPU.ActiveCfg = Debug|Any CPU
		{42756801-1070-469C-8D24-1B14042810B2}.Debug|Any CPU.Build.0 = Debug|Any CPU
		{42756801-1070-469C-8D24-1B14042810B2}.Release|Any CPU.ActiveCfg = Release|Any CPU
		{42756801-1070-469C-8D24-1B14042810B2}.Release|Any CPU.Build.0 = Release|Any CPU
		{3AA2640A-31F5-4FD4-A1BB-52B18F7A291B}.Debug|Any CPU.ActiveCfg = Debug|Any CPU
		{3AA2640A-31F5-4FD4-A1BB-52B18F7A291B}.Debug|Any CPU.Build.0 = Debug|Any CPU
		{3AA2640A-31F5-4FD4-A1BB-52B18F7A291B}.Release|Any CPU.ActiveCfg = Release|Any CPU
		{3AA2640A-31F5-4FD4-A1BB-52B18F7A291B}.Release|Any CPU.Build.0 = Release|Any CPU
	EndGlobalSection
	GlobalSection(SolutionProperties) = preSolution
		HideSolutionNode = FALSE
	EndGlobalSection
	GlobalSection(ExtensibilityGlobals) = postSolution
		SolutionGuid = {958E1171-E0A7-4593-819F-F92D7B770B02}
	EndGlobalSection
EndGlobal
